
Microsoft Visual Studio Solution File, Format Version 12.00
# Visual Studio Version 16
VisualStudioVersion = 16.0.31624.102
MinimumVisualStudioVersion = 10.0.40219.1
Project("{FAE04EC0-301F-11D3-BF4B-00C04F79EFBC}") = "armanetton", "armanetton\armanetton.csproj", "{6C65DF3D-ADE0-4633-AEA3-978C725FBDD3}"
EndProject
Global
	GlobalSection(SolutionConfigurationPlatforms) = preSolution
		Debug|Any CPU = Debug|Any CPU
		Release|Any CPU = Release|Any CPU
	EndGlobalSection
	GlobalSection(ProjectConfigurationPlatforms) = postSolution
		{6C65DF3D-ADE0-4633-AEA3-978C725FBDD3}.Debug|Any CPU.ActiveCfg = Debug|Any CPU
		{6C65DF3D-ADE0-4633-AEA3-978C725FBDD3}.Debug|Any CPU.Build.0 = Debug|Any CPU
		{6C65DF3D-ADE0-4633-AEA3-978C725FBDD3}.Release|Any CPU.ActiveCfg = Release|Any CPU
		{6C65DF3D-ADE0-4633-AEA3-978C725FBDD3}.Release|Any CPU.Build.0 = Release|Any CPU
	EndGlobalSection
	GlobalSection(SolutionProperties) = preSolution
		HideSolutionNode = FALSE
	EndGlobalSection
	GlobalSection(ExtensibilityGlobals) = postSolution
		SolutionGuid = {C63743FF-6DF1-45E3-A47C-D2327195AAD8}
	EndGlobalSection
EndGlobal
